
Microsoft Visual Studio Solution File, Format Version 12.00
# Visual Studio Version 17
VisualStudioVersion = 17.14.36301.6 d17.14
MinimumVisualStudioVersion = 10.0.40219.1
Project("{FAE04EC0-301F-11D3-BF4B-00C04F79EFBC}") = "authenication-engine", "authenication-engine.csproj", "{DEA3F3C6-4C6E-4B69-AA46-13B216709667}"
EndProject
Global
	GlobalSection(SolutionConfigurationPlatforms) = preSolution
		Debug|Any CPU = Debug|Any CPU
		Release|Any CPU = Release|Any CPU
	EndGlobalSection
	GlobalSection(ProjectConfigurationPlatforms) = postSolution
		{DEA3F3C6-4C6E-4B69-AA46-13B216709667}.Debug|Any CPU.ActiveCfg = Debug|Any CPU
		{DEA3F3C6-4C6E-4B69-AA46-13B216709667}.Debug|Any CPU.Build.0 = Debug|Any CPU
		{DEA3F3C6-4C6E-4B69-AA46-13B216709667}.Release|Any CPU.ActiveCfg = Release|Any CPU
		{DEA3F3C6-4C6E-4B69-AA46-13B216709667}.Release|Any CPU.Build.0 = Release|Any CPU
	EndGlobalSection
	GlobalSection(SolutionProperties) = preSolution
		HideSolutionNode = FALSE
	EndGlobalSection
	GlobalSection(ExtensibilityGlobals) = postSolution
		SolutionGuid = {D4261477-441C-463B-8B92-646F74BFC0B0}
	EndGlobalSection
EndGlobal
